// !$*UTF8*$!
{
	archiveVersion = 1;
	classes = {
	};
	objectVersion = 50;
	objects = {

/* Begin PBXBuildFile section */
		801BCAAE214A478C00E32012 /* AppDelegate.swift in Sources */ = {isa = PBXBuildFile; fileRef = 801BCAAD214A478C00E32012 /* AppDelegate.swift */; };
		801BCAB3214A478C00E32012 /* Main.storyboard in Resources */ = {isa = PBXBuildFile; fileRef = 801BCAB1214A478C00E32012 /* Main.storyboard */; };
		801BCAB5214A478D00E32012 /* Assets.xcassets in Resources */ = {isa = PBXBuildFile; fileRef = 801BCAB4214A478D00E32012 /* Assets.xcassets */; };
		801BCAB8214A478D00E32012 /* LaunchScreen.storyboard in Resources */ = {isa = PBXBuildFile; fileRef = 801BCAB6214A478D00E32012 /* LaunchScreen.storyboard */; };
		80B8F6D2214B42E200864690 /* ViewController.swift in Sources */ = {isa = PBXBuildFile; fileRef = 80B8F6D1214B42E200864690 /* ViewController.swift */; };
		80B8F6D4214B4B0F00864690 /* DetailViewController.swift in Sources */ = {isa = PBXBuildFile; fileRef = 80B8F6D3214B4B0F00864690 /* DetailViewController.swift */; };
		99DFEEF591627A1BE913DE8A /* Pods_DemoGoogleMaps.framework in Frameworks */ = {isa = PBXBuildFile; fileRef = 16450808EB534A6FA445D451 /* Pods_DemoGoogleMaps.framework */; };
/* End PBXBuildFile section */

/* Begin PBXFileReference section */
		16450808EB534A6FA445D451 /* Pods_DemoGoogleMaps.framework */ = {isa = PBXFileReference; explicitFileType = wrapper.framework; includeInIndex = 0; path = Pods_DemoGoogleMaps.framework; sourceTree = BUILT_PRODUCTS_DIR; };
		489B8B102038A4D26E4C7A3A /* Pods-DemoGoogleMaps.debug.xcconfig */ = {isa = PBXFileReference; includeInIndex = 1; lastKnownFileType = text.xcconfig; name = "Pods-DemoGoogleMaps.debug.xcconfig"; path = "Pods/Target Support Files/Pods-DemoGoogleMaps/Pods-DemoGoogleMaps.debug.xcconfig"; sourceTree = "<group>"; };
		801BCAAA214A478C00E32012 /* DemoGoogleMaps.app */ = {isa = PBXFileReference; explicitFileType = wrapper.application; includeInIndex = 0; path = DemoGoogleMaps.app; sourceTree = BUILT_PRODUCTS_DIR; };
		801BCAAD214A478C00E32012 /* AppDelegate.swift */ = {isa = PBXFileReference; lastKnownFileType = sourcecode.swift; path = AppDelegate.swift; sourceTree = "<group>"; };
		801BCAB2214A478C00E32012 /* Base */ = {isa = PBXFileReference; lastKnownFileType = file.storyboard; name = Base; path = Base.lproj/Main.storyboard; sourceTree = "<group>"; };
		801BCAB4214A478D00E32012 /* Assets.xcassets */ = {isa = PBXFileReference; lastKnownFileType = folder.assetcatalog; path = Assets.xcassets; sourceTree = "<group>"; };
		801BCAB7214A478D00E32012 /* Base */ = {isa = PBXFileReference; lastKnownFileType = file.storyboard; name = Base; path = Base.lproj/LaunchScreen.storyboard; sourceTree = "<group>"; };
		801BCAB9214A478D00E32012 /* Info.plist */ = {isa = PBXFileReference; lastKnownFileType = text.plist.xml; path = Info.plist; sourceTree = "<group>"; };
		80B8F6D1214B42E200864690 /* ViewController.swift */ = {isa = PBXFileReference; lastKnownFileType = sourcecode.swift; path = ViewController.swift; sourceTree = "<group>"; };
		80B8F6D3214B4B0F00864690 /* DetailViewController.swift */ = {isa = PBXFileReference; lastKnownFileType = sourcecode.swift; path = DetailViewController.swift; sourceTree = "<group>"; };
		8C1B7A7590F267254EDF722F /* Pods-DemoGoogleMaps.release.xcconfig */ = {isa = PBXFileReference; includeInIndex = 1; lastKnownFileType = text.xcconfig; name = "Pods-DemoGoogleMaps.release.xcconfig"; path = "Pods/Target Support Files/Pods-DemoGoogleMaps/Pods-DemoGoogleMaps.release.xcconfig"; sourceTree = "<group>"; };
/* End PBXFileReference section */

/* Begin PBXFrameworksBuildPhase section */
		801BCAA7214A478C00E32012 /* Frameworks */ = {
			isa = PBXFrameworksBuildPhase;
			buildActionMask = 2147483647;
			files = (
				99DFEEF591627A1BE913DE8A /* Pods_DemoGoogleMaps.framework in Frameworks */,
			);
			runOnlyForDeploymentPostprocessing = 0;
		};
/* End PBXFrameworksBuildPhase section */

/* Begin PBXGroup section */
		3AEE94E1E7FAE186AEFD6D92 /* Pods */ = {
			isa = PBXGroup;
			children = (
				489B8B102038A4D26E4C7A3A /* Pods-DemoGoogleMaps.debug.xcconfig */,
				8C1B7A7590F267254EDF722F /* Pods-DemoGoogleMaps.release.xcconfig */,
			);
			name = Pods;
			sourceTree = "<group>";
		};
		801BCAA1214A478C00E32012 = {
			isa = PBXGroup;
			children = (
				801BCAAC214A478C00E32012 /* DemoGoogleMaps */,
				801BCAAB214A478C00E32012 /* Products */,
				3AEE94E1E7FAE186AEFD6D92 /* Pods */,
				8DAA89EA5ADBB1D6E07BC72A /* Frameworks */,
			);
			sourceTree = "<group>";
		};
		801BCAAB214A478C00E32012 /* Products */ = {
			isa = PBXGroup;
			children = (
				801BCAAA214A478C00E32012 /* DemoGoogleMaps.app */,
			);
			name = Products;
			sourceTree = "<group>";
		};
		801BCAAC214A478C00E32012 /* DemoGoogleMaps */ = {
			isa = PBXGroup;
			children = (
				801BCAAD214A478C00E32012 /* AppDelegate.swift */,
				80B8F6D1214B42E200864690 /* ViewController.swift */,
				801BCAB1214A478C00E32012 /* Main.storyboard */,
				801BCAB4214A478D00E32012 /* Assets.xcassets */,
				801BCAB6214A478D00E32012 /* LaunchScreen.storyboard */,
				801BCAB9214A478D00E32012 /* Info.plist */,
				80B8F6D3214B4B0F00864690 /* DetailViewController.swift */,
			);
			path = DemoGoogleMaps;
			sourceTree = "<group>";
		};
		8DAA89EA5ADBB1D6E07BC72A /* Frameworks */ = {
			isa = PBXGroup;
			children = (
				16450808EB534A6FA445D451 /* Pods_DemoGoogleMaps.framework */,
			);
			name = Frameworks;
			sourceTree = "<group>";
		};
/* End PBXGroup section */

/* Begin PBXNativeTarget section */
		801BCAA9214A478C00E32012 /* DemoGoogleMaps */ = {
			isa = PBXNativeTarget;
			buildConfigurationList = 801BCABC214A478D00E32012 /* Build configuration list for PBXNativeTarget "DemoGoogleMaps" */;
			buildPhases = (
				D1FC255D08BC3D24395FC554 /* [CP] Check Pods Manifest.lock */,
				801BCAA6214A478C00E32012 /* Sources */,
				801BCAA7214A478C00E32012 /* Frameworks */,
				801BCAA8214A478C00E32012 /* Resources */,
				712B7E3DE15FDC65E2BBC8C6 /* [CP] Copy Pods Resources */,
			);
			buildRules = (
			);
			dependencies = (
			);
			name = DemoGoogleMaps;
			productName = DemoGoogleMaps;
			productReference = 801BCAAA214A478C00E32012 /* DemoGoogleMaps.app */;
			productType = "com.apple.product-type.application";
		};
/* End PBXNativeTarget section */

/* Begin PBXProject section */
		801BCAA2214A478C00E32012 /* Project object */ = {
			isa = PBXProject;
			attributes = {
				LastSwiftUpdateCheck = 0940;
				LastUpgradeCheck = 0940;
				ORGANIZATIONNAME = dohien;
				TargetAttributes = {
					801BCAA9214A478C00E32012 = {
						CreatedOnToolsVersion = 9.4.1;
					};
				};
			};
			buildConfigurationList = 801BCAA5214A478C00E32012 /* Build configuration list for PBXProject "DemoGoogleMaps" */;
			compatibilityVersion = "Xcode 9.3";
			developmentRegion = en;
			hasScannedForEncodings = 0;
			knownRegions = (
				en,
				Base,
			);
			mainGroup = 801BCAA1214A478C00E32012;
			productRefGroup = 801BCAAB214A478C00E32012 /* Products */;
			projectDirPath = "";
			projectRoot = "";
			targets = (
				801BCAA9214A478C00E32012 /* DemoGoogleMaps */,
			);
		};
/* End PBXProject section */

/* Begin PBXResourcesBuildPhase section */
		801BCAA8214A478C00E32012 /* Resources */ = {
			isa = PBXResourcesBuildPhase;
			buildActionMask = 2147483647;
			files = (
				801BCAB8214A478D00E32012 /* LaunchScreen.storyboard in Resources */,
				801BCAB5214A478D00E32012 /* Assets.xcassets in Resources */,
				801BCAB3214A478C00E32012 /* Main.storyboard in Resources */,
			);
			runOnlyForDeploymentPostprocessing = 0;
		};
/* End PBXResourcesBuildPhase section */

/* Begin PBXShellScriptBuildPhase section */
		712B7E3DE15FDC65E2BBC8C6 /* [CP] Copy Pods Resources */ = {
			isa = PBXShellScriptBuildPhase;
			buildActionMask = 2147483647;
			files = (
			);
			inputPaths = (
				"${SRCROOT}/Pods/Target Support Files/Pods-DemoGoogleMaps/Pods-DemoGoogleMaps-resources.sh",
				"${PODS_ROOT}/GoogleMaps/Maps/Frameworks/GoogleMaps.framework/Resources/GoogleMaps.bundle",
				"${PODS_ROOT}/GooglePlaces/Frameworks/GooglePlaces.framework/Resources/GooglePlaces.bundle",
			);
			name = "[CP] Copy Pods Resources";
			outputPaths = (
				"${TARGET_BUILD_DIR}/${UNLOCALIZED_RESOURCES_FOLDER_PATH}/GoogleMaps.bundle",
				"${TARGET_BUILD_DIR}/${UNLOCALIZED_RESOURCES_FOLDER_PATH}/GooglePlaces.bundle",
			);
			runOnlyForDeploymentPostprocessing = 0;
			shellPath = /bin/sh;
			shellScript = "\"${SRCROOT}/Pods/Target Support Files/Pods-DemoGoogleMaps/Pods-DemoGoogleMaps-resources.sh\"\n";
			showEnvVarsInLog = 0;
		};
		D1FC255D08BC3D24395FC554 /* [CP] Check Pods Manifest.lock */ = {
			isa = PBXShellScriptBuildPhase;
			buildActionMask = 2147483647;
			files = (
			);
			inputPaths = (
				"${PODS_PODFILE_DIR_PATH}/Podfile.lock",
				"${PODS_ROOT}/Manifest.lock",
			);
			name = "[CP] Check Pods Manifest.lock";
			outputPaths = (
				"$(DERIVED_FILE_DIR)/Pods-DemoGoogleMaps-checkManifestLockResult.txt",
			);
			runOnlyForDeploymentPostprocessing = 0;
			shellPath = /bin/sh;
			shellScript = "diff \"${PODS_PODFILE_DIR_PATH}/Podfile.lock\" \"${PODS_ROOT}/Manifest.lock\" > /dev/null\nif [ $? != 0 ] ; then\n    # print error to STDERR\n    echo \"error: The sandbox is not in sync with the Podfile.lock. Run 'pod install' or update your CocoaPods installation.\" >&2\n    exit 1\nfi\n# This output is used by Xcode 'outputs' to avoid re-running this script phase.\necho \"SUCCESS\" > \"${SCRIPT_OUTPUT_FILE_0}\"\n";
			showEnvVarsInLog = 0;
		};
/* End PBXShellScriptBuildPhase section */

/* Begin PBXSourcesBuildPhase section */
		801BCAA6214A478C00E32012 /* Sources */ = {
			isa = PBXSourcesBuildPhase;
			buildActionMask = 2147483647;
			files = (
				80B8F6D4214B4B0F00864690 /* DetailViewController.swift in Sources */,
				80B8F6D2214B42E200864690 /* ViewController.swift in Sources */,
				801BCAAE214A478C00E32012 /* AppDelegate.swift in Sources */,
			);
			runOnlyForDeploymentPostprocessing = 0;
		};
/* End PBXSourcesBuildPhase section */

/* Begin PBXVariantGroup section */
		801BCAB1214A478C00E32012 /* Main.storyboard */ = {
			isa = PBXVariantGroup;
			children = (
				801BCAB2214A478C00E32012 /* Base */,
			);
			name = Main.storyboard;
			sourceTree = "<group>";
		};
		801BCAB6214A478D00E32012 /* LaunchScreen.storyboard */ = {
			isa = PBXVariantGroup;
			children = (
				801BCAB7214A478D00E32012 /* Base */,
			);
			name = LaunchScreen.storyboard;
			sourceTree = "<group>";
		};
/* End PBXVariantGroup section */

/* Begin XCBuildConfiguration section */
		801BCABA214A478D00E32012 /* Debug */ = {
			isa = XCBuildConfiguration;
			buildSettings = {
				ALWAYS_SEARCH_USER_PATHS = NO;
				CLANG_ANALYZER_NONNULL = YES;
				CLANG_ANALYZER_NUMBER_OBJECT_CONVERSION = YES_AGGRESSIVE;
				CLANG_CXX_LANGUAGE_STANDARD = "gnu++14";
				CLANG_CXX_LIBRARY = "libc++";
				CLANG_ENABLE_MODULES = YES;
				CLANG_ENABLE_OBJC_ARC = YES;
				CLANG_ENABLE_OBJC_WEAK = YES;
				CLANG_WARN_BLOCK_CAPTURE_AUTORELEASING = YES;
				CLANG_WARN_BOOL_CONVERSION = YES;
				CLANG_WARN_COMMA = YES;
				CLANG_WARN_CONSTANT_CONVERSION = YES;
				CLANG_WARN_DEPRECATED_OBJC_IMPLEMENTATIONS = YES;
				CLANG_WARN_DIRECT_OBJC_ISA_USAGE = YES_ERROR;
				CLANG_WARN_DOCUMENTATION_COMMENTS = YES;
				CLANG_WARN_EMPTY_BODY = YES;
				CLANG_WARN_ENUM_CONVERSION = YES;
				CLANG_WARN_INFINITE_RECURSION = YES;
				CLANG_WARN_INT_CONVERSION = YES;
				CLANG_WARN_NON_LITERAL_NULL_CONVERSION = YES;
				CLANG_WARN_OBJC_IMPLICIT_RETAIN_SELF = YES;
				CLANG_WARN_OBJC_LITERAL_CONVERSION = YES;
				CLANG_WARN_OBJC_ROOT_CLASS = YES_ERROR;
				CLANG_WARN_RANGE_LOOP_ANALYSIS = YES;
				CLANG_WARN_STRICT_PROTOTYPES = YES;
				CLANG_WARN_SUSPICIOUS_MOVE = YES;
				CLANG_WARN_UNGUARDED_AVAILABILITY = YES_AGGRESSIVE;
				CLANG_WARN_UNREACHABLE_CODE = YES;
				CLANG_WARN__DUPLICATE_METHOD_MATCH = YES;
				CODE_SIGN_IDENTITY = "iPhone Developer";
				COPY_PHASE_STRIP = NO;
				DEBUG_INFORMATION_FORMAT = dwarf;
				ENABLE_STRICT_OBJC_MSGSEND = YES;
				ENABLE_TESTABILITY = YES;
				GCC_C_LANGUAGE_STANDARD = gnu11;
				GCC_DYNAMIC_NO_PIC = NO;
				GCC_NO_COMMON_BLOCKS = YES;
				GCC_OPTIMIZATION_LEVEL = 0;
				GCC_PREPROCESSOR_DEFINITIONS = (
					"DEBUG=1",
					"$(inherited)",
				);
				GCC_WARN_64_TO_32_BIT_CONVERSION = YES;
				GCC_WARN_ABOUT_RETURN_TYPE = YES_ERROR;
				GCC_WARN_UNDECLARED_SELECTOR = YES;
				GCC_WARN_UNINITIALIZED_AUTOS = YES_AGGRESSIVE;
				GCC_WARN_UNUSED_FUNCTION = YES;
				GCC_WARN_UNUSED_VARIABLE = YES;
				IPHONEOS_DEPLOYMENT_TARGET = 11.4;
				MTL_ENABLE_DEBUG_INFO = YES;
				ONLY_ACTIVE_ARCH = YES;
				SDKROOT = iphoneos;
				SWIFT_ACTIVE_COMPILATION_CONDITIONS = DEBUG;
				SWIFT_OPTIMIZATION_LEVEL = "-Onone";
			};
			name = Debug;
		};
		801BCABB214A478D00E32012 /* Release */ = {
			isa = XCBuildConfiguration;
			buildSettings = {
				ALWAYS_SEARCH_USER_PATHS = NO;
				CLANG_ANALYZER_NONNULL = YES;
				CLANG_ANALYZER_NUMBER_OBJECT_CONVERSION = YES_AGGRESSIVE;
				CLANG_CXX_LANGUAGE_STANDARD = "gnu++14";
				CLANG_CXX_LIBRARY = "libc++";
				CLANG_ENABLE_MODULES = YES;
				CLANG_ENABLE_OBJC_ARC = YES;
				CLANG_ENABLE_OBJC_WEAK = YES;
				CLANG_WARN_BLOCK_CAPTURE_AUTORELEASING = YES;
				CLANG_WARN_BOOL_CONVERSION = YES;
				CLANG_WARN_COMMA = YES;
				CLANG_WARN_CONSTANT_CONVERSION = YES;
				CLANG_WARN_DEPRECATED_OBJC_IMPLEMENTATIONS = YES;
				CLANG_WARN_DIRECT_OBJC_ISA_USAGE = YES_ERROR;
				CLANG_WARN_DOCUMENTATION_COMMENTS = YES;
				CLANG_WARN_EMPTY_BODY = YES;
				CLANG_WARN_ENUM_CONVERSION = YES;
				CLANG_WARN_INFINITE_RECURSION = YES;
				CLANG_WARN_INT_CONVERSION = YES;
				CLANG_WARN_NON_LITERAL_NULL_CONVERSION = YES;
				CLANG_WARN_OBJC_IMPLICIT_RETAIN_SELF = YES;
				CLANG_WARN_OBJC_LITERAL_CONVERSION = YES;
				CLANG_WARN_OBJC_ROOT_CLASS = YES_ERROR;
				CLANG_WARN_RANGE_LOOP_ANALYSIS = YES;
				CLANG_WARN_STRICT_PROTOTYPES = YES;
				CLANG_WARN_SUSPICIOUS_MOVE = YES;
				CLANG_WARN_UNGUARDED_AVAILABILITY = YES_AGGRESSIVE;
				CLANG_WARN_UNREACHABLE_CODE = YES;
				CLANG_WARN__DUPLICATE_METHOD_MATCH = YES;
				CODE_SIGN_IDENTITY = "iPhone Developer";
				COPY_PHASE_STRIP = NO;
				DEBUG_INFORMATION_FORMAT = "dwarf-with-dsym";
				ENABLE_NS_ASSERTIONS = NO;
				ENABLE_STRICT_OBJC_MSGSEND = YES;
				GCC_C_LANGUAGE_STANDARD = gnu11;
				GCC_NO_COMMON_BLOCKS = YES;
				GCC_WARN_64_TO_32_BIT_CONVERSION = YES;
				GCC_WARN_ABOUT_RETURN_TYPE = YES_ERROR;
				GCC_WARN_UNDECLARED_SELECTOR = YES;
				GCC_WARN_UNINITIALIZED_AUTOS = YES_AGGRESSIVE;
				GCC_WARN_UNUSED_FUNCTION = YES;
				GCC_WARN_UNUSED_VARIABLE = YES;
				IPHONEOS_DEPLOYMENT_TARGET = 11.4;
				MTL_ENABLE_DEBUG_INFO = NO;
				SDKROOT = iphoneos;
				SWIFT_COMPILATION_MODE = wholemodule;
				SWIFT_OPTIMIZATION_LEVEL = "-O";
				VALIDATE_PRODUCT = YES;
			};
			name = Release;
		};
		801BCABD214A478D00E32012 /* Debug */ = {
			isa = XCBuildConfiguration;
			baseConfigurationReference = 489B8B102038A4D26E4C7A3A /* Pods-DemoGoogleMaps.debug.xcconfig */;
			buildSettings = {
				ASSETCATALOG_COMPILER_APPICON_NAME = AppIcon;
				CODE_SIGN_STYLE = Automatic;
				INFOPLIST_FILE = DemoGoogleMaps/Info.plist;
				LD_RUNPATH_SEARCH_PATHS = (
					"$(inherited)",
					"@executable_path/Frameworks",
				);
				PRODUCT_BUNDLE_IDENTIFIER = hienhihi.DemoGoogleMaps;
				PRODUCT_NAME = "$(TARGET_NAME)";
				SWIFT_VERSION = 4.0;
				TARGETED_DEVICE_FAMILY = "1,2";
			};
			name = Debug;
		};
		801BCABE214A478D00E32012 /* Release */ = {
			isa = XCBuildConfiguration;
			baseConfigurationReference = 8C1B7A7590F267254EDF722F /* Pods-DemoGoogleMaps.release.xcconfig */;
			buildSettings = {
				ASSETCATALOG_COMPILER_APPICON_NAME = AppIcon;
				CODE_SIGN_STYLE = Automatic;
				INFOPLIST_FILE = DemoGoogleMaps/Info.plist;
				LD_RUNPATH_SEARCH_PATHS = (
					"$(inherited)",
					"@executable_path/Frameworks",
				);
				PRODUCT_BUNDLE_IDENTIFIER = hienhihi.DemoGoogleMaps;
				PRODUCT_NAME = "$(TARGET_NAME)";
				SWIFT_VERSION = 4.0;
				TARGETED_DEVICE_FAMILY = "1,2";
			};
			name = Release;
		};
/* End XCBuildConfiguration section */

/* Begin XCConfigurationList section */
		801BCAA5214A478C00E32012 /* Build configuration list for PBXProject "DemoGoogleMaps" */ = {
			isa = XCConfigurationList;
			buildConfigurations = (
				801BCABA214A478D00E32012 /* Debug */,
				801BCABB214A478D00E32012 /* Release */,
			);
			defaultConfigurationIsVisible = 0;
			defaultConfigurationName = Release;
		};
		801BCABC214A478D00E32012 /* Build configuration list for PBXNativeTarget "DemoGoogleMaps" */ = {
			isa = XCConfigurationList;
			buildConfigurations = (
				801BCABD214A478D00E32012 /* Debug */,
				801BCABE214A478D00E32012 /* Release */,
			);
			defaultConfigurationIsVisible = 0;
			defaultConfigurationName = Release;
		};
/* End XCConfigurationList section */
	};
	rootObject = 801BCAA2214A478C00E32012 /* Project object */;
}
